
Microsoft Visual Studio Solution File, Format Version 12.00
# Visual Studio Version 16
VisualStudioVersion = 16.0.30523.141
MinimumVisualStudioVersion = 10.0.40219.1
Project("{9A19103F-16F7-4668-BE54-9A1E7A4F7556}") = "Arkivverket.Arkade.GUI", "Arkivverket.Arkade.GUI\Arkivverket.Arkade.GUI.csproj", "{13964257-FE3D-427B-841A-402EAA8E1942}"
EndProject
Project("{9A19103F-16F7-4668-BE54-9A1E7A4F7556}") = "Arkivverket.Arkade.Core", "Arkivverket.Arkade.Core\Arkivverket.Arkade.Core.csproj", "{D4008C3C-61EF-48A4-B333-793476B7104D}"
EndProject
Project("{9A19103F-16F7-4668-BE54-9A1E7A4F7556}") = "Arkivverket.Arkade.Core.Tests", "Arkivverket.Arkade.Core.Tests\Arkivverket.Arkade.Core.Tests.csproj", "{24B2B89B-9399-4FBA-9C48-B1DBBBFE6ED7}"
EndProject
Project("{930C7802-8A8C-48F9-8165-68863BCCD9DD}") = "Setup", "Setup\Setup.wixproj", "{43B24E21-8DC8-474E-88D3-47153856D35D}"
EndProject
Project("{9A19103F-16F7-4668-BE54-9A1E7A4F7556}") = "Arkivverket.Arkade.CLI", "Arkivverket.Arkade.CLI\Arkivverket.Arkade.CLI.csproj", "{D0D921D0-7B81-4EDE-A1B7-ED80C6BB368B}"
EndProject
Project("{9A19103F-16F7-4668-BE54-9A1E7A4F7556}") = "Arkivverket.Arkade.CLI.Tests", "Arkivverket.Arkade.CLI.Tests\Arkivverket.Arkade.CLI.Tests.csproj", "{A9D00B2A-35EB-40C1-BF87-88E5BAB2440F}"
EndProject
Global
	GlobalSection(SolutionConfigurationPlatforms) = preSolution
		Debug|Any CPU = Debug|Any CPU
		Debug|x86 = Debug|x86
		Release|Any CPU = Release|Any CPU
		Release|x86 = Release|x86
	EndGlobalSection
	GlobalSection(ProjectConfigurationPlatforms) = postSolution
		{13964257-FE3D-427B-841A-402EAA8E1942}.Debug|Any CPU.ActiveCfg = Debug|Any CPU
		{13964257-FE3D-427B-841A-402EAA8E1942}.Debug|Any CPU.Build.0 = Debug|Any CPU
		{13964257-FE3D-427B-841A-402EAA8E1942}.Debug|x86.ActiveCfg = Debug|Any CPU
		{13964257-FE3D-427B-841A-402EAA8E1942}.Debug|x86.Build.0 = Debug|Any CPU
		{13964257-FE3D-427B-841A-402EAA8E1942}.Release|Any CPU.ActiveCfg = Release|Any CPU
		{13964257-FE3D-427B-841A-402EAA8E1942}.Release|Any CPU.Build.0 = Release|Any CPU
		{13964257-FE3D-427B-841A-402EAA8E1942}.Release|x86.ActiveCfg = Release|Any CPU
		{13964257-FE3D-427B-841A-402EAA8E1942}.Release|x86.Build.0 = Release|Any CPU
		{D4008C3C-61EF-48A4-B333-793476B7104D}.Debug|Any CPU.ActiveCfg = Debug|Any CPU
		{D4008C3C-61EF-48A4-B333-793476B7104D}.Debug|Any CPU.Build.0 = Debug|Any CPU
		{D4008C3C-61EF-48A4-B333-793476B7104D}.Debug|x86.ActiveCfg = Debug|Any CPU
		{D4008C3C-61EF-48A4-B333-793476B7104D}.Debug|x86.Build.0 = Debug|Any CPU
		{D4008C3C-61EF-48A4-B333-793476B7104D}.Release|Any CPU.ActiveCfg = Release|Any CPU
		{D4008C3C-61EF-48A4-B333-793476B7104D}.Release|Any CPU.Build.0 = Release|Any CPU
		{D4008C3C-61EF-48A4-B333-793476B7104D}.Release|x86.ActiveCfg = Release|Any CPU
		{D4008C3C-61EF-48A4-B333-793476B7104D}.Release|x86.Build.0 = Release|Any CPU
		{24B2B89B-9399-4FBA-9C48-B1DBBBFE6ED7}.Debug|Any CPU.ActiveCfg = Debug|Any CPU
		{24B2B89B-9399-4FBA-9C48-B1DBBBFE6ED7}.Debug|Any CPU.Build.0 = Debug|Any CPU
		{24B2B89B-9399-4FBA-9C48-B1DBBBFE6ED7}.Debug|x86.ActiveCfg = Debug|Any CPU
		{24B2B89B-9399-4FBA-9C48-B1DBBBFE6ED7}.Debug|x86.Build.0 = Debug|Any CPU
		{24B2B89B-9399-4FBA-9C48-B1DBBBFE6ED7}.Release|Any CPU.ActiveCfg = Release|Any CPU
		{24B2B89B-9399-4FBA-9C48-B1DBBBFE6ED7}.Release|Any CPU.Build.0 = Release|Any CPU
		{24B2B89B-9399-4FBA-9C48-B1DBBBFE6ED7}.Release|x86.ActiveCfg = Release|Any CPU
		{24B2B89B-9399-4FBA-9C48-B1DBBBFE6ED7}.Release|x86.Build.0 = Release|Any CPU
		{43B24E21-8DC8-474E-88D3-47153856D35D}.Debug|Any CPU.ActiveCfg = Debug|x86
		{43B24E21-8DC8-474E-88D3-47153856D35D}.Debug|x86.ActiveCfg = Debug|x86
		{43B24E21-8DC8-474E-88D3-47153856D35D}.Debug|x86.Build.0 = Debug|x86
		{43B24E21-8DC8-474E-88D3-47153856D35D}.Release|Any CPU.ActiveCfg = Release|x86
		{43B24E21-8DC8-474E-88D3-47153856D35D}.Release|x86.ActiveCfg = Release|x86
		{43B24E21-8DC8-474E-88D3-47153856D35D}.Release|x86.Build.0 = Release|x86
		{D0D921D0-7B81-4EDE-A1B7-ED80C6BB368B}.Debug|Any CPU.ActiveCfg = Debug|Any CPU
		{D0D921D0-7B81-4EDE-A1B7-ED80C6BB368B}.Debug|Any CPU.Build.0 = Debug|Any CPU
		{D0D921D0-7B81-4EDE-A1B7-ED80C6BB368B}.Debug|x86.ActiveCfg = Debug|Any CPU
		{D0D921D0-7B81-4EDE-A1B7-ED80C6BB368B}.Debug|x86.Build.0 = Debug|Any CPU
		{D0D921D0-7B81-4EDE-A1B7-ED80C6BB368B}.Release|Any CPU.ActiveCfg = Release|Any CPU
		{D0D921D0-7B81-4EDE-A1B7-ED80C6BB368B}.Release|Any CPU.Build.0 = Release|Any CPU
		{D0D921D0-7B81-4EDE-A1B7-ED80C6BB368B}.Release|x86.ActiveCfg = Release|Any CPU
		{D0D921D0-7B81-4EDE-A1B7-ED80C6BB368B}.Release|x86.Build.0 = Release|Any CPU
		{A9D00B2A-35EB-40C1-BF87-88E5BAB2440F}.Debug|Any CPU.ActiveCfg = Debug|Any CPU
		{A9D00B2A-35EB-40C1-BF87-88E5BAB2440F}.Debug|Any CPU.Build.0 = Debug|Any CPU
		{A9D00B2A-35EB-40C1-BF87-88E5BAB2440F}.Debug|x86.ActiveCfg = Debug|Any CPU
		{A9D00B2A-35EB-40C1-BF87-88E5BAB2440F}.Debug|x86.Build.0 = Debug|Any CPU
		{A9D00B2A-35EB-40C1-BF87-88E5BAB2440F}.Release|Any CPU.ActiveCfg = Release|Any CPU
		{A9D00B2A-35EB-40C1-BF87-88E5BAB2440F}.Release|Any CPU.Build.0 = Release|Any CPU
		{A9D00B2A-35EB-40C1-BF87-88E5BAB2440F}.Release|x86.ActiveCfg = Release|Any CPU
		{A9D00B2A-35EB-40C1-BF87-88E5BAB2440F}.Release|x86.Build.0 = Release|Any CPU
	EndGlobalSection
	GlobalSection(SolutionProperties) = preSolution
		HideSolutionNode = FALSE
	EndGlobalSection
	GlobalSection(ExtensibilityGlobals) = postSolution
		RESX_NeutralResourcesLanguage = en-GB
		EnterpriseLibraryConfigurationToolBinariesPathV6 = packages\EnterpriseLibrary.TransientFaultHandling.6.0.1304.0\lib\portable-net45+win+wp8;packages\EnterpriseLibrary.TransientFaultHandling.Data.6.0.1304.1\lib\NET45
		SolutionGuid = {AB0D5E6B-A55A-4489-BF2C-2BAB34E12796}
	EndGlobalSection
	GlobalSection(Performance) = preSolution
		HasPerformanceSessions = true
	EndGlobalSection
EndGlobal
