
Microsoft Visual Studio Solution File, Format Version 12.00
# Visual Studio 14
VisualStudioVersion = 14.0.25420.1
MinimumVisualStudioVersion = 10.0.40219.1
Project("{FAE04EC0-301F-11D3-BF4B-00C04F79EFBC}") = "Arkivverket.Arkade.UI", "Arkivverket.Arkade.UI\Arkivverket.Arkade.UI.csproj", "{13964257-FE3D-427B-841A-402EAA8E1942}"
EndProject
Project("{FAE04EC0-301F-11D3-BF4B-00C04F79EFBC}") = "Arkivverket.Arkade", "Arkivverket.Arkade\Arkivverket.Arkade.csproj", "{D4008C3C-61EF-48A4-B333-793476B7104D}"
EndProject
Project("{FAE04EC0-301F-11D3-BF4B-00C04F79EFBC}") = "Arkivverket.Arkade.Test", "Arkivverket.Arkade.Test\Arkivverket.Arkade.Test.csproj", "{24B2B89B-9399-4FBA-9C48-B1DBBBFE6ED7}"
EndProject
Global
	GlobalSection(SolutionConfigurationPlatforms) = preSolution
		Debug|Any CPU = Debug|Any CPU
		Release|Any CPU = Release|Any CPU
	EndGlobalSection
	GlobalSection(ProjectConfigurationPlatforms) = postSolution
		{13964257-FE3D-427B-841A-402EAA8E1942}.Debug|Any CPU.ActiveCfg = Debug|Any CPU
		{13964257-FE3D-427B-841A-402EAA8E1942}.Debug|Any CPU.Build.0 = Debug|Any CPU
		{13964257-FE3D-427B-841A-402EAA8E1942}.Release|Any CPU.ActiveCfg = Release|Any CPU
		{13964257-FE3D-427B-841A-402EAA8E1942}.Release|Any CPU.Build.0 = Release|Any CPU
		{D4008C3C-61EF-48A4-B333-793476B7104D}.Debug|Any CPU.ActiveCfg = Debug|Any CPU
		{D4008C3C-61EF-48A4-B333-793476B7104D}.Debug|Any CPU.Build.0 = Debug|Any CPU
		{D4008C3C-61EF-48A4-B333-793476B7104D}.Release|Any CPU.ActiveCfg = Release|Any CPU
		{D4008C3C-61EF-48A4-B333-793476B7104D}.Release|Any CPU.Build.0 = Release|Any CPU
		{24B2B89B-9399-4FBA-9C48-B1DBBBFE6ED7}.Debug|Any CPU.ActiveCfg = Debug|Any CPU
		{24B2B89B-9399-4FBA-9C48-B1DBBBFE6ED7}.Debug|Any CPU.Build.0 = Debug|Any CPU
		{24B2B89B-9399-4FBA-9C48-B1DBBBFE6ED7}.Release|Any CPU.ActiveCfg = Release|Any CPU
		{24B2B89B-9399-4FBA-9C48-B1DBBBFE6ED7}.Release|Any CPU.Build.0 = Release|Any CPU
	EndGlobalSection
	GlobalSection(SolutionProperties) = preSolution
		HideSolutionNode = FALSE
	EndGlobalSection
EndGlobal
